// !$*UTF8*$!
{
	archiveVersion = 1;
	classes = {
	};
	objectVersion = 46;
	objects = {

/* Begin PBXBuildFile section */
		8D63D2771B52454800F4352D /* main.m in Sources */ = {isa = PBXBuildFile; fileRef = 8D63D2761B52454800F4352D /* main.m */; };
		8D63D27A1B52454800F4352D /* AppDelegate.m in Sources */ = {isa = PBXBuildFile; fileRef = 8D63D2791B52454800F4352D /* AppDelegate.m */; };
		8D63D27D1B52454800F4352D /* ViewController.m in Sources */ = {isa = PBXBuildFile; fileRef = 8D63D27C1B52454800F4352D /* ViewController.m */; };
		8D63D2801B52454800F4352D /* Main.storyboard in Resources */ = {isa = PBXBuildFile; fileRef = 8D63D27E1B52454800F4352D /* Main.storyboard */; };
		8D63D2821B52454800F4352D /* Images.xcassets in Resources */ = {isa = PBXBuildFile; fileRef = 8D63D2811B52454800F4352D /* Images.xcassets */; };
		8D63D2851B52454800F4352D /* LaunchScreen.xib in Resources */ = {isa = PBXBuildFile; fileRef = 8D63D2831B52454800F4352D /* LaunchScreen.xib */; };
		8D63D2911B52454800F4352D /* MoMoTests.m in Sources */ = {isa = PBXBuildFile; fileRef = 8D63D2901B52454800F4352D /* MoMoTests.m */; };
/* End PBXBuildFile section */

/* Begin PBXContainerItemProxy section */
		8D63D28B1B52454800F4352D /* PBXContainerItemProxy */ = {
			isa = PBXContainerItemProxy;
			containerPortal = 8D63D2691B52454700F4352D /* Project object */;
			proxyType = 1;
			remoteGlobalIDString = 8D63D2701B52454700F4352D;
			remoteInfo = MoMo;
		};
/* End PBXContainerItemProxy section */

/* Begin PBXFileReference section */
		8D63D2711B52454800F4352D /* MoMo.app */ = {isa = PBXFileReference; explicitFileType = wrapper.application; includeInIndex = 0; path = MoMo.app; sourceTree = BUILT_PRODUCTS_DIR; };
		8D63D2751B52454800F4352D /* Info.plist */ = {isa = PBXFileReference; lastKnownFileType = text.plist.xml; path = Info.plist; sourceTree = "<group>"; };
		8D63D2761B52454800F4352D /* main.m */ = {isa = PBXFileReference; lastKnownFileType = sourcecode.c.objc; path = main.m; sourceTree = "<group>"; };
		8D63D2781B52454800F4352D /* AppDelegate.h */ = {isa = PBXFileReference; lastKnownFileType = sourcecode.c.h; path = AppDelegate.h; sourceTree = "<group>"; };
		8D63D2791B52454800F4352D /* AppDelegate.m */ = {isa = PBXFileReference; lastKnownFileType = sourcecode.c.objc; path = AppDelegate.m; sourceTree = "<group>"; };
		8D63D27B1B52454800F4352D /* ViewController.h */ = {isa = PBXFileReference; lastKnownFileType = sourcecode.c.h; path = ViewController.h; sourceTree = "<group>"; };
		8D63D27C1B52454800F4352D /* ViewController.m */ = {isa = PBXFileReference; lastKnownFileType = sourcecode.c.objc; path = ViewController.m; sourceTree = "<group>"; };
		8D63D27F1B52454800F4352D /* Base */ = {isa = PBXFileReference; lastKnownFileType = file.storyboard; name = Base; path = Base.lproj/Main.storyboard; sourceTree = "<group>"; };
		8D63D2811B52454800F4352D /* Images.xcassets */ = {isa = PBXFileReference; lastKnownFileType = folder.assetcatalog; path = Images.xcassets; sourceTree = "<group>"; };
		8D63D2841B52454800F4352D /* Base */ = {isa = PBXFileReference; lastKnownFileType = file.xib; name = Base; path = Base.lproj/LaunchScreen.xib; sourceTree = "<group>"; };
		8D63D28A1B52454800F4352D /* MoMoTests.xctest */ = {isa = PBXFileReference; explicitFileType = wrapper.cfbundle; includeInIndex = 0; path = MoMoTests.xctest; sourceTree = BUILT_PRODUCTS_DIR; };
		8D63D28F1B52454800F4352D /* Info.plist */ = {isa = PBXFileReference; lastKnownFileType = text.plist.xml; path = Info.plist; sourceTree = "<group>"; };
		8D63D2901B52454800F4352D /* MoMoTests.m */ = {isa = PBXFileReference; lastKnownFileType = sourcecode.c.objc; path = MoMoTests.m; sourceTree = "<group>"; };
/* End PBXFileReference section */

/* Begin PBXFrameworksBuildPhase section */
		8D63D26E1B52454700F4352D /* Frameworks */ = {
			isa = PBXFrameworksBuildPhase;
			buildActionMask = 2147483647;
			files = (
			);
			runOnlyForDeploymentPostprocessing = 0;
		};
		8D63D2871B52454800F4352D /* Frameworks */ = {
			isa = PBXFrameworksBuildPhase;
			buildActionMask = 2147483647;
			files = (
			);
			runOnlyForDeploymentPostprocessing = 0;
		};
/* End PBXFrameworksBuildPhase section */

/* Begin PBXGroup section */
		8D63D2681B52454700F4352D = {
			isa = PBXGroup;
			children = (
				8D63D2731B52454800F4352D /* MoMo */,
				8D63D28D1B52454800F4352D /* MoMoTests */,
				8D63D2721B52454800F4352D /* Products */,
			);
			sourceTree = "<group>";
		};
		8D63D2721B52454800F4352D /* Products */ = {
			isa = PBXGroup;
			children = (
				8D63D2711B52454800F4352D /* MoMo.app */,
				8D63D28A1B52454800F4352D /* MoMoTests.xctest */,
			);
			name = Products;
			sourceTree = "<group>";
		};
		8D63D2731B52454800F4352D /* MoMo */ = {
			isa = PBXGroup;
			children = (
				8D63D2781B52454800F4352D /* AppDelegate.h */,
				8D63D2791B52454800F4352D /* AppDelegate.m */,
				8D63D27B1B52454800F4352D /* ViewController.h */,
				8D63D27C1B52454800F4352D /* ViewController.m */,
				8D63D27E1B52454800F4352D /* Main.storyboard */,
				8D63D2811B52454800F4352D /* Images.xcassets */,
				8D63D2831B52454800F4352D /* LaunchScreen.xib */,
				8D63D2741B52454800F4352D /* Supporting Files */,
			);
			path = MoMo;
			sourceTree = "<group>";
		};
		8D63D2741B52454800F4352D /* Supporting Files */ = {
			isa = PBXGroup;
			children = (
				8D63D2751B52454800F4352D /* Info.plist */,
				8D63D2761B52454800F4352D /* main.m */,
			);
			name = "Supporting Files";
			sourceTree = "<group>";
		};
		8D63D28D1B52454800F4352D /* MoMoTests */ = {
			isa = PBXGroup;
			children = (
				8D63D2901B52454800F4352D /* MoMoTests.m */,
				8D63D28E1B52454800F4352D /* Supporting Files */,
			);
			path = MoMoTests;
			sourceTree = "<group>";
		};
		8D63D28E1B52454800F4352D /* Supporting Files */ = {
			isa = PBXGroup;
			children = (
				8D63D28F1B52454800F4352D /* Info.plist */,
			);
			name = "Supporting Files";
			sourceTree = "<group>";
		};
/* End PBXGroup section */

/* Begin PBXNativeTarget section */
		8D63D2701B52454700F4352D /* MoMo */ = {
			isa = PBXNativeTarget;
			buildConfigurationList = 8D63D2941B52454800F4352D /* Build configuration list for PBXNativeTarget "MoMo" */;
			buildPhases = (
				8D63D26D1B52454700F4352D /* Sources */,
				8D63D26E1B52454700F4352D /* Frameworks */,
				8D63D26F1B52454700F4352D /* Resources */,
			);
			buildRules = (
			);
			dependencies = (
			);
			name = MoMo;
			productName = MoMo;
			productReference = 8D63D2711B52454800F4352D /* MoMo.app */;
			productType = "com.apple.product-type.application";
		};
		8D63D2891B52454800F4352D /* MoMoTests */ = {
			isa = PBXNativeTarget;
			buildConfigurationList = 8D63D2971B52454800F4352D /* Build configuration list for PBXNativeTarget "MoMoTests" */;
			buildPhases = (
				8D63D2861B52454800F4352D /* Sources */,
				8D63D2871B52454800F4352D /* Frameworks */,
				8D63D2881B52454800F4352D /* Resources */,
			);
			buildRules = (
			);
			dependencies = (
				8D63D28C1B52454800F4352D /* PBXTargetDependency */,
			);
			name = MoMoTests;
			productName = MoMoTests;
			productReference = 8D63D28A1B52454800F4352D /* MoMoTests.xctest */;
			productType = "com.apple.product-type.bundle.unit-test";
		};
/* End PBXNativeTarget section */

/* Begin PBXProject section */
		8D63D2691B52454700F4352D /* Project object */ = {
			isa = PBXProject;
			attributes = {
				LastUpgradeCheck = 0620;
				ORGANIZATIONNAME = aib;
				TargetAttributes = {
					8D63D2701B52454700F4352D = {
						CreatedOnToolsVersion = 6.2;
					};
					8D63D2891B52454800F4352D = {
						CreatedOnToolsVersion = 6.2;
						TestTargetID = 8D63D2701B52454700F4352D;
					};
				};
			};
			buildConfigurationList = 8D63D26C1B52454700F4352D /* Build configuration list for PBXProject "MoMo" */;
			compatibilityVersion = "Xcode 3.2";
			developmentRegion = English;
			hasScannedForEncodings = 0;
			knownRegions = (
				en,
				Base,
			);
			mainGroup = 8D63D2681B52454700F4352D;
			productRefGroup = 8D63D2721B52454800F4352D /* Products */;
			projectDirPath = "";
			projectRoot = "";
			targets = (
				8D63D2701B52454700F4352D /* MoMo */,
				8D63D2891B52454800F4352D /* MoMoTests */,
			);
		};
/* End PBXProject section */

/* Begin PBXResourcesBuildPhase section */
		8D63D26F1B52454700F4352D /* Resources */ = {
			isa = PBXResourcesBuildPhase;
			buildActionMask = 2147483647;
			files = (
				8D63D2801B52454800F4352D /* Main.storyboard in Resources */,
				8D63D2851B52454800F4352D /* LaunchScreen.xib in Resources */,
				8D63D2821B52454800F4352D /* Images.xcassets in Resources */,
			);
			runOnlyForDeploymentPostprocessing = 0;
		};
		8D63D2881B52454800F4352D /* Resources */ = {
			isa = PBXResourcesBuildPhase;
			buildActionMask = 2147483647;
			files = (
			);
			runOnlyForDeploymentPostprocessing = 0;
		};
/* End PBXResourcesBuildPhase section */

/* Begin PBXSourcesBuildPhase section */
		8D63D26D1B52454700F4352D /* Sources */ = {
			isa = PBXSourcesBuildPhase;
			buildActionMask = 2147483647;
			files = (
				8D63D27D1B52454800F4352D /* ViewController.m in Sources */,
				8D63D27A1B52454800F4352D /* AppDelegate.m in Sources */,
				8D63D2771B52454800F4352D /* main.m in Sources */,
			);
			runOnlyForDeploymentPostprocessing = 0;
		};
		8D63D2861B52454800F4352D /* Sources */ = {
			isa = PBXSourcesBuildPhase;
			buildActionMask = 2147483647;
			files = (
				8D63D2911B52454800F4352D /* MoMoTests.m in Sources */,
			);
			runOnlyForDeploymentPostprocessing = 0;
		};
/* End PBXSourcesBuildPhase section */

/* Begin PBXTargetDependency section */
		8D63D28C1B52454800F4352D /* PBXTargetDependency */ = {
			isa = PBXTargetDependency;
			target = 8D63D2701B52454700F4352D /* MoMo */;
			targetProxy = 8D63D28B1B52454800F4352D /* PBXContainerItemProxy */;
		};
/* End PBXTargetDependency section */

/* Begin PBXVariantGroup section */
		8D63D27E1B52454800F4352D /* Main.storyboard */ = {
			isa = PBXVariantGroup;
			children = (
				8D63D27F1B52454800F4352D /* Base */,
			);
			name = Main.storyboard;
			sourceTree = "<group>";
		};
		8D63D2831B52454800F4352D /* LaunchScreen.xib */ = {
			isa = PBXVariantGroup;
			children = (
				8D63D2841B52454800F4352D /* Base */,
			);
			name = LaunchScreen.xib;
			sourceTree = "<group>";
		};
/* End PBXVariantGroup section */

/* Begin XCBuildConfiguration section */
		8D63D2921B52454800F4352D /* Debug */ = {
			isa = XCBuildConfiguration;
			buildSettings = {
				ALWAYS_SEARCH_USER_PATHS = NO;
				CLANG_CXX_LANGUAGE_STANDARD = "gnu++0x";
				CLANG_CXX_LIBRARY = "libc++";
				CLANG_ENABLE_MODULES = YES;
				CLANG_ENABLE_OBJC_ARC = YES;
				CLANG_WARN_BOOL_CONVERSION = YES;
				CLANG_WARN_CONSTANT_CONVERSION = YES;
				CLANG_WARN_DIRECT_OBJC_ISA_USAGE = YES_ERROR;
				CLANG_WARN_EMPTY_BODY = YES;
				CLANG_WARN_ENUM_CONVERSION = YES;
				CLANG_WARN_INT_CONVERSION = YES;
				CLANG_WARN_OBJC_ROOT_CLASS = YES_ERROR;
				CLANG_WARN_UNREACHABLE_CODE = YES;
				CLANG_WARN__DUPLICATE_METHOD_MATCH = YES;
				"CODE_SIGN_IDENTITY[sdk=iphoneos*]" = "iPhone Developer";
				COPY_PHASE_STRIP = NO;
				ENABLE_STRICT_OBJC_MSGSEND = YES;
				GCC_C_LANGUAGE_STANDARD = gnu99;
				GCC_DYNAMIC_NO_PIC = NO;
				GCC_OPTIMIZATION_LEVEL = 0;
				GCC_PREPROCESSOR_DEFINITIONS = (
					"DEBUG=1",
					"$(inherited)",
				);
				GCC_SYMBOLS_PRIVATE_EXTERN = NO;
				GCC_WARN_64_TO_32_BIT_CONVERSION = YES;
				GCC_WARN_ABOUT_RETURN_TYPE = YES_ERROR;
				GCC_WARN_UNDECLARED_SELECTOR = YES;
				GCC_WARN_UNINITIALIZED_AUTOS = YES_AGGRESSIVE;
				GCC_WARN_UNUSED_FUNCTION = YES;
				GCC_WARN_UNUSED_VARIABLE = YES;
				IPHONEOS_DEPLOYMENT_TARGET = 8.2;
				MTL_ENABLE_DEBUG_INFO = YES;
				ONLY_ACTIVE_ARCH = YES;
				SDKROOT = iphoneos;
			};
			name = Debug;
		};
		8D63D2931B52454800F4352D /* Release */ = {
			isa = XCBuildConfiguration;
			buildSettings = {
				ALWAYS_SEARCH_USER_PATHS = NO;
				CLANG_CXX_LANGUAGE_STANDARD = "gnu++0x";
				CLANG_CXX_LIBRARY = "libc++";
				CLANG_ENABLE_MODULES = YES;
				CLANG_ENABLE_OBJC_ARC = YES;
				CLANG_WARN_BOOL_CONVERSION = YES;
				CLANG_WARN_CONSTANT_CONVERSION = YES;
				CLANG_WARN_DIRECT_OBJC_ISA_USAGE = YES_ERROR;
				CLANG_WARN_EMPTY_BODY = YES;
				CLANG_WARN_ENUM_CONVERSION = YES;
				CLANG_WARN_INT_CONVERSION = YES;
				CLANG_WARN_OBJC_ROOT_CLASS = YES_ERROR;
				CLANG_WARN_UNREACHABLE_CODE = YES;
				CLANG_WARN__DUPLICATE_METHOD_MATCH = YES;
				"CODE_SIGN_IDENTITY[sdk=iphoneos*]" = "iPhone Developer";
				COPY_PHASE_STRIP = NO;
				ENABLE_NS_ASSERTIONS = NO;
				ENABLE_STRICT_OBJC_MSGSEND = YES;
				GCC_C_LANGUAGE_STANDARD = gnu99;
				GCC_WARN_64_TO_32_BIT_CONVERSION = YES;
				GCC_WARN_ABOUT_RETURN_TYPE = YES_ERROR;
				GCC_WARN_UNDECLARED_SELECTOR = YES;
				GCC_WARN_UNINITIALIZED_AUTOS = YES_AGGRESSIVE;
				GCC_WARN_UNUSED_FUNCTION = YES;
				GCC_WARN_UNUSED_VARIABLE = YES;
				IPHONEOS_DEPLOYMENT_TARGET = 8.2;
				MTL_ENABLE_DEBUG_INFO = NO;
				SDKROOT = iphoneos;
				VALIDATE_PRODUCT = YES;
			};
			name = Release;
		};
		8D63D2951B52454800F4352D /* Debug */ = {
			isa = XCBuildConfiguration;
			buildSettings = {
				ASSETCATALOG_COMPILER_APPICON_NAME = AppIcon;
				INFOPLIST_FILE = MoMo/Info.plist;
				LD_RUNPATH_SEARCH_PATHS = "$(inherited) @executable_path/Frameworks";
				PRODUCT_NAME = "$(TARGET_NAME)";
			};
			name = Debug;
		};
		8D63D2961B52454800F4352D /* Release */ = {
			isa = XCBuildConfiguration;
			buildSettings = {
				ASSETCATALOG_COMPILER_APPICON_NAME = AppIcon;
				INFOPLIST_FILE = MoMo/Info.plist;
				LD_RUNPATH_SEARCH_PATHS = "$(inherited) @executable_path/Frameworks";
				PRODUCT_NAME = "$(TARGET_NAME)";
			};
			name = Release;
		};
		8D63D2981B52454800F4352D /* Debug */ = {
			isa = XCBuildConfiguration;
			buildSettings = {
				BUNDLE_LOADER = "$(TEST_HOST)";
				FRAMEWORK_SEARCH_PATHS = (
					"$(SDKROOT)/Developer/Library/Frameworks",
					"$(inherited)",
				);
				GCC_PREPROCESSOR_DEFINITIONS = (
					"DEBUG=1",
					"$(inherited)",
				);
				INFOPLIST_FILE = MoMoTests/Info.plist;
				LD_RUNPATH_SEARCH_PATHS = "$(inherited) @executable_path/Frameworks @loader_path/Frameworks";
				PRODUCT_NAME = "$(TARGET_NAME)";
				TEST_HOST = "$(BUILT_PRODUCTS_DIR)/MoMo.app/MoMo";
			};
			name = Debug;
		};
		8D63D2991B52454800F4352D /* Release */ = {
			isa = XCBuildConfiguration;
			buildSettings = {
				BUNDLE_LOADER = "$(TEST_HOST)";
				FRAMEWORK_SEARCH_PATHS = (
					"$(SDKROOT)/Developer/Library/Frameworks",
					"$(inherited)",
				);
				INFOPLIST_FILE = MoMoTests/Info.plist;
				LD_RUNPATH_SEARCH_PATHS = "$(inherited) @executable_path/Frameworks @loader_path/Frameworks";
				PRODUCT_NAME = "$(TARGET_NAME)";
				TEST_HOST = "$(BUILT_PRODUCTS_DIR)/MoMo.app/MoMo";
			};
			name = Release;
		};
/* End XCBuildConfiguration section */

/* Begin XCConfigurationList section */
		8D63D26C1B52454700F4352D /* Build configuration list for PBXProject "MoMo" */ = {
			isa = XCConfigurationList;
			buildConfigurations = (
				8D63D2921B52454800F4352D /* Debug */,
				8D63D2931B52454800F4352D /* Release */,
			);
			defaultConfigurationIsVisible = 0;
			defaultConfigurationName = Release;
		};
		8D63D2941B52454800F4352D /* Build configuration list for PBXNativeTarget "MoMo" */ = {
			isa = XCConfigurationList;
			buildConfigurations = (
				8D63D2951B52454800F4352D /* Debug */,
				8D63D2961B52454800F4352D /* Release */,
			);
			defaultConfigurationIsVisible = 0;
		};
		8D63D2971B52454800F4352D /* Build configuration list for PBXNativeTarget "MoMoTests" */ = {
			isa = XCConfigurationList;
			buildConfigurations = (
				8D63D2981B52454800F4352D /* Debug */,
				8D63D2991B52454800F4352D /* Release */,
			);
			defaultConfigurationIsVisible = 0;
		};
/* End XCConfigurationList section */
	};
	rootObject = 8D63D2691B52454700F4352D /* Project object */;
}
